// !$*UTF8*$!
{
	archiveVersion = 1;
	classes = {
	};
	objectVersion = 55;
	objects = {

/* Begin PBXBuildFile section */
		2133C7D028CCCD250051D925 /* PlaceModel.swift in Sources */ = {isa = PBXBuildFile; fileRef = 2133C7CF28CCCD250051D925 /* PlaceModel.swift */; };
		2133C7D228CD056B0051D925 /* NewPlaceViewController.swift in Sources */ = {isa = PBXBuildFile; fileRef = 2133C7D128CD056B0051D925 /* NewPlaceViewController.swift */; };
		216F9CF228C9142200F5091C /* AppDelegate.swift in Sources */ = {isa = PBXBuildFile; fileRef = 216F9CF128C9142200F5091C /* AppDelegate.swift */; };
		216F9CF428C9142200F5091C /* SceneDelegate.swift in Sources */ = {isa = PBXBuildFile; fileRef = 216F9CF328C9142200F5091C /* SceneDelegate.swift */; };
		216F9CF928C9142200F5091C /* Main.storyboard in Resources */ = {isa = PBXBuildFile; fileRef = 216F9CF728C9142200F5091C /* Main.storyboard */; };
		216F9CFB28C9142500F5091C /* Assets.xcassets in Resources */ = {isa = PBXBuildFile; fileRef = 216F9CFA28C9142500F5091C /* Assets.xcassets */; };
		216F9CFE28C9142500F5091C /* LaunchScreen.storyboard in Resources */ = {isa = PBXBuildFile; fileRef = 216F9CFC28C9142500F5091C /* LaunchScreen.storyboard */; };
		216F9D0628C922B100F5091C /* MainViewController.swift in Sources */ = {isa = PBXBuildFile; fileRef = 216F9D0528C922B100F5091C /* MainViewController.swift */; };
		2177EAF328CC85B600DA3E1E /* CustomTableViewCell.swift in Sources */ = {isa = PBXBuildFile; fileRef = 2177EAF228CC85B600DA3E1E /* CustomTableViewCell.swift */; };
		218E6BD328D109E900B616C8 /* StorageManager.swift in Sources */ = {isa = PBXBuildFile; fileRef = 218E6BD228D109E900B616C8 /* StorageManager.swift */; };
		2192C87E28FA9DD1009D4389 /* MapViewController.swift in Sources */ = {isa = PBXBuildFile; fileRef = 2192C87D28FA9DD1009D4389 /* MapViewController.swift */; };
		2198B78D28F1F12A00AFC1D0 /* RatingControl.swift in Sources */ = {isa = PBXBuildFile; fileRef = 2198B78C28F1F12A00AFC1D0 /* RatingControl.swift */; };
		21D6559D290AFE5300997137 /* MapManager.swift in Sources */ = {isa = PBXBuildFile; fileRef = 21D6559C290AFE5300997137 /* MapManager.swift */; };
		CD13CE79F1F3D0DDA1205DBD /* Pods_MyPlaces.framework in Frameworks */ = {isa = PBXBuildFile; fileRef = 76A43DC4FFDD3D7398179A06 /* Pods_MyPlaces.framework */; };
/* End PBXBuildFile section */

/* Begin PBXFileReference section */
		2133C7CF28CCCD250051D925 /* PlaceModel.swift */ = {isa = PBXFileReference; lastKnownFileType = sourcecode.swift; path = PlaceModel.swift; sourceTree = "<group>"; };
		2133C7D128CD056B0051D925 /* NewPlaceViewController.swift */ = {isa = PBXFileReference; lastKnownFileType = sourcecode.swift; path = NewPlaceViewController.swift; sourceTree = "<group>"; };
		216F9CEE28C9142200F5091C /* MyPlaces.app */ = {isa = PBXFileReference; explicitFileType = wrapper.application; includeInIndex = 0; path = MyPlaces.app; sourceTree = BUILT_PRODUCTS_DIR; };
		216F9CF128C9142200F5091C /* AppDelegate.swift */ = {isa = PBXFileReference; lastKnownFileType = sourcecode.swift; path = AppDelegate.swift; sourceTree = "<group>"; };
		216F9CF328C9142200F5091C /* SceneDelegate.swift */ = {isa = PBXFileReference; lastKnownFileType = sourcecode.swift; path = SceneDelegate.swift; sourceTree = "<group>"; };
		216F9CF828C9142200F5091C /* Base */ = {isa = PBXFileReference; lastKnownFileType = file.storyboard; name = Base; path = Base.lproj/Main.storyboard; sourceTree = "<group>"; };
		216F9CFA28C9142500F5091C /* Assets.xcassets */ = {isa = PBXFileReference; lastKnownFileType = folder.assetcatalog; path = Assets.xcassets; sourceTree = "<group>"; };
		216F9CFD28C9142500F5091C /* Base */ = {isa = PBXFileReference; lastKnownFileType = file.storyboard; name = Base; path = Base.lproj/LaunchScreen.storyboard; sourceTree = "<group>"; };
		216F9CFF28C9142500F5091C /* Info.plist */ = {isa = PBXFileReference; lastKnownFileType = text.plist.xml; path = Info.plist; sourceTree = "<group>"; };
		216F9D0528C922B100F5091C /* MainViewController.swift */ = {isa = PBXFileReference; lastKnownFileType = sourcecode.swift; path = MainViewController.swift; sourceTree = "<group>"; };
		2177EAF228CC85B600DA3E1E /* CustomTableViewCell.swift */ = {isa = PBXFileReference; lastKnownFileType = sourcecode.swift; path = CustomTableViewCell.swift; sourceTree = "<group>"; };
		218E6BD228D109E900B616C8 /* StorageManager.swift */ = {isa = PBXFileReference; lastKnownFileType = sourcecode.swift; path = StorageManager.swift; sourceTree = "<group>"; };
		2192C87D28FA9DD1009D4389 /* MapViewController.swift */ = {isa = PBXFileReference; lastKnownFileType = sourcecode.swift; path = MapViewController.swift; sourceTree = "<group>"; };
		2198B78C28F1F12A00AFC1D0 /* RatingControl.swift */ = {isa = PBXFileReference; lastKnownFileType = sourcecode.swift; path = RatingControl.swift; sourceTree = "<group>"; };
		21D6559C290AFE5300997137 /* MapManager.swift */ = {isa = PBXFileReference; lastKnownFileType = sourcecode.swift; path = MapManager.swift; sourceTree = "<group>"; };
		42DEA1F5C51D0AE3F05A83FA /* Pods-MyPlaces.release.xcconfig */ = {isa = PBXFileReference; includeInIndex = 1; lastKnownFileType = text.xcconfig; name = "Pods-MyPlaces.release.xcconfig"; path = "Target Support Files/Pods-MyPlaces/Pods-MyPlaces.release.xcconfig"; sourceTree = "<group>"; };
		76A43DC4FFDD3D7398179A06 /* Pods_MyPlaces.framework */ = {isa = PBXFileReference; explicitFileType = wrapper.framework; includeInIndex = 0; path = Pods_MyPlaces.framework; sourceTree = BUILT_PRODUCTS_DIR; };
		C84D612E602D2F578E8ADE05 /* Pods-MyPlaces.debug.xcconfig */ = {isa = PBXFileReference; includeInIndex = 1; lastKnownFileType = text.xcconfig; name = "Pods-MyPlaces.debug.xcconfig"; path = "Target Support Files/Pods-MyPlaces/Pods-MyPlaces.debug.xcconfig"; sourceTree = "<group>"; };
/* End PBXFileReference section */

/* Begin PBXFrameworksBuildPhase section */
		216F9CEB28C9142200F5091C /* Frameworks */ = {
			isa = PBXFrameworksBuildPhase;
			buildActionMask = 2147483647;
			files = (
				CD13CE79F1F3D0DDA1205DBD /* Pods_MyPlaces.framework in Frameworks */,
			);
			runOnlyForDeploymentPostprocessing = 0;
		};
/* End PBXFrameworksBuildPhase section */

/* Begin PBXGroup section */
		216F9CE528C9142200F5091C = {
			isa = PBXGroup;
			children = (
				216F9CF028C9142200F5091C /* MyPlaces */,
				216F9CEF28C9142200F5091C /* Products */,
				B77F0B238494E9D5533159FF /* Pods */,
				62F4173335BBC5388047CC4F /* Frameworks */,
			);
			sourceTree = "<group>";
		};
		216F9CEF28C9142200F5091C /* Products */ = {
			isa = PBXGroup;
			children = (
				216F9CEE28C9142200F5091C /* MyPlaces.app */,
			);
			name = Products;
			sourceTree = "<group>";
		};
		216F9CF028C9142200F5091C /* MyPlaces */ = {
			isa = PBXGroup;
			children = (
				216F9CFF28C9142500F5091C /* Info.plist */,
				21D6559E290B0B5B00997137 /* ViewControllers */,
				21D655A0290B11D200997137 /* Helpers */,
				21D6559F290B11AE00997137 /* Models */,
				21D655A1290B11F700997137 /* Support Files */,
				21D655A2290B122900997137 /* IBulder */,
			);
			path = MyPlaces;
			sourceTree = "<group>";
		};
		21D6559E290B0B5B00997137 /* ViewControllers */ = {
			isa = PBXGroup;
			children = (
				2177EAF228CC85B600DA3E1E /* CustomTableViewCell.swift */,
				2192C87D28FA9DD1009D4389 /* MapViewController.swift */,
				2133C7D128CD056B0051D925 /* NewPlaceViewController.swift */,
				216F9D0528C922B100F5091C /* MainViewController.swift */,
			);
			path = ViewControllers;
			sourceTree = "<group>";
		};
		21D6559F290B11AE00997137 /* Models */ = {
			isa = PBXGroup;
			children = (
				2133C7CF28CCCD250051D925 /* PlaceModel.swift */,
			);
			path = Models;
			sourceTree = "<group>";
		};
		21D655A0290B11D200997137 /* Helpers */ = {
			isa = PBXGroup;
			children = (
				216F9CF328C9142200F5091C /* SceneDelegate.swift */,
				2198B78C28F1F12A00AFC1D0 /* RatingControl.swift */,
				218E6BD228D109E900B616C8 /* StorageManager.swift */,
				21D6559C290AFE5300997137 /* MapManager.swift */,
			);
			path = Helpers;
			sourceTree = "<group>";
		};
		21D655A1290B11F700997137 /* Support Files */ = {
			isa = PBXGroup;
			children = (
				216F9CFA28C9142500F5091C /* Assets.xcassets */,
				216F9CF128C9142200F5091C /* AppDelegate.swift */,
			);
			path = "Support Files";
			sourceTree = "<group>";
		};
		21D655A2290B122900997137 /* IBulder */ = {
			isa = PBXGroup;
			children = (
				216F9CFC28C9142500F5091C /* LaunchScreen.storyboard */,
				216F9CF728C9142200F5091C /* Main.storyboard */,
			);
			path = IBulder;
			sourceTree = "<group>";
		};
		62F4173335BBC5388047CC4F /* Frameworks */ = {
			isa = PBXGroup;
			children = (
				76A43DC4FFDD3D7398179A06 /* Pods_MyPlaces.framework */,
			);
			name = Frameworks;
			sourceTree = "<group>";
		};
		B77F0B238494E9D5533159FF /* Pods */ = {
			isa = PBXGroup;
			children = (
				C84D612E602D2F578E8ADE05 /* Pods-MyPlaces.debug.xcconfig */,
				42DEA1F5C51D0AE3F05A83FA /* Pods-MyPlaces.release.xcconfig */,
			);
			path = Pods;
			sourceTree = "<group>";
		};
/* End PBXGroup section */

/* Begin PBXNativeTarget section */
		216F9CED28C9142200F5091C /* MyPlaces */ = {
			isa = PBXNativeTarget;
			buildConfigurationList = 216F9D0228C9142500F5091C /* Build configuration list for PBXNativeTarget "MyPlaces" */;
			buildPhases = (
				A1DC259DADB00F4907455E25 /* [CP] Check Pods Manifest.lock */,
				216F9CEA28C9142200F5091C /* Sources */,
				216F9CEB28C9142200F5091C /* Frameworks */,
				216F9CEC28C9142200F5091C /* Resources */,
				8803FFD7CC63E8CE9D470000 /* [CP] Embed Pods Frameworks */,
			);
			buildRules = (
			);
			dependencies = (
			);
			name = MyPlaces;
			productName = MyPlaces;
			productReference = 216F9CEE28C9142200F5091C /* MyPlaces.app */;
			productType = "com.apple.product-type.application";
		};
/* End PBXNativeTarget section */

/* Begin PBXProject section */
		216F9CE628C9142200F5091C /* Project object */ = {
			isa = PBXProject;
			attributes = {
				BuildIndependentTargetsInParallel = 1;
				LastSwiftUpdateCheck = 1340;
				LastUpgradeCheck = 1340;
				TargetAttributes = {
					216F9CED28C9142200F5091C = {
						CreatedOnToolsVersion = 13.4.1;
					};
				};
			};
			buildConfigurationList = 216F9CE928C9142200F5091C /* Build configuration list for PBXProject "MyPlaces" */;
			compatibilityVersion = "Xcode 13.0";
			developmentRegion = en;
			hasScannedForEncodings = 0;
			knownRegions = (
				en,
				Base,
			);
			mainGroup = 216F9CE528C9142200F5091C;
			productRefGroup = 216F9CEF28C9142200F5091C /* Products */;
			projectDirPath = "";
			projectRoot = "";
			targets = (
				216F9CED28C9142200F5091C /* MyPlaces */,
			);
		};
/* End PBXProject section */

/* Begin PBXResourcesBuildPhase section */
		216F9CEC28C9142200F5091C /* Resources */ = {
			isa = PBXResourcesBuildPhase;
			buildActionMask = 2147483647;
			files = (
				216F9CFE28C9142500F5091C /* LaunchScreen.storyboard in Resources */,
				216F9CFB28C9142500F5091C /* Assets.xcassets in Resources */,
				216F9CF928C9142200F5091C /* Main.storyboard in Resources */,
			);
			runOnlyForDeploymentPostprocessing = 0;
		};
/* End PBXResourcesBuildPhase section */

/* Begin PBXShellScriptBuildPhase section */
		8803FFD7CC63E8CE9D470000 /* [CP] Embed Pods Frameworks */ = {
			isa = PBXShellScriptBuildPhase;
			buildActionMask = 2147483647;
			files = (
			);
			inputFileListPaths = (
				"${PODS_ROOT}/Target Support Files/Pods-MyPlaces/Pods-MyPlaces-frameworks-${CONFIGURATION}-input-files.xcfilelist",
			);
			name = "[CP] Embed Pods Frameworks";
			outputFileListPaths = (
				"${PODS_ROOT}/Target Support Files/Pods-MyPlaces/Pods-MyPlaces-frameworks-${CONFIGURATION}-output-files.xcfilelist",
			);
			runOnlyForDeploymentPostprocessing = 0;
			shellPath = /bin/sh;
			shellScript = "\"${PODS_ROOT}/Target Support Files/Pods-MyPlaces/Pods-MyPlaces-frameworks.sh\"\n";
			showEnvVarsInLog = 0;
		};
		A1DC259DADB00F4907455E25 /* [CP] Check Pods Manifest.lock */ = {
			isa = PBXShellScriptBuildPhase;
			buildActionMask = 2147483647;
			files = (
			);
			inputFileListPaths = (
			);
			inputPaths = (
				"${PODS_PODFILE_DIR_PATH}/Podfile.lock",
				"${PODS_ROOT}/Manifest.lock",
			);
			name = "[CP] Check Pods Manifest.lock";
			outputFileListPaths = (
			);
			outputPaths = (
				"$(DERIVED_FILE_DIR)/Pods-MyPlaces-checkManifestLockResult.txt",
			);
			runOnlyForDeploymentPostprocessing = 0;
			shellPath = /bin/sh;
			shellScript = "diff \"${PODS_PODFILE_DIR_PATH}/Podfile.lock\" \"${PODS_ROOT}/Manifest.lock\" > /dev/null\nif [ $? != 0 ] ; then\n    # print error to STDERR\n    echo \"error: The sandbox is not in sync with the Podfile.lock. Run 'pod install' or update your CocoaPods installation.\" >&2\n    exit 1\nfi\n# This output is used by Xcode 'outputs' to avoid re-running this script phase.\necho \"SUCCESS\" > \"${SCRIPT_OUTPUT_FILE_0}\"\n";
			showEnvVarsInLog = 0;
		};
/* End PBXShellScriptBuildPhase section */

/* Begin PBXSourcesBuildPhase section */
		216F9CEA28C9142200F5091C /* Sources */ = {
			isa = PBXSourcesBuildPhase;
			buildActionMask = 2147483647;
			files = (
				216F9D0628C922B100F5091C /* MainViewController.swift in Sources */,
				2133C7D228CD056B0051D925 /* NewPlaceViewController.swift in Sources */,
				216F9CF228C9142200F5091C /* AppDelegate.swift in Sources */,
				218E6BD328D109E900B616C8 /* StorageManager.swift in Sources */,
				2192C87E28FA9DD1009D4389 /* MapViewController.swift in Sources */,
				2198B78D28F1F12A00AFC1D0 /* RatingControl.swift in Sources */,
				21D6559D290AFE5300997137 /* MapManager.swift in Sources */,
				2133C7D028CCCD250051D925 /* PlaceModel.swift in Sources */,
				2177EAF328CC85B600DA3E1E /* CustomTableViewCell.swift in Sources */,
				216F9CF428C9142200F5091C /* SceneDelegate.swift in Sources */,
			);
			runOnlyForDeploymentPostprocessing = 0;
		};
/* End PBXSourcesBuildPhase section */

/* Begin PBXVariantGroup section */
		216F9CF728C9142200F5091C /* Main.storyboard */ = {
			isa = PBXVariantGroup;
			children = (
				216F9CF828C9142200F5091C /* Base */,
			);
			name = Main.storyboard;
			sourceTree = "<group>";
		};
		216F9CFC28C9142500F5091C /* LaunchScreen.storyboard */ = {
			isa = PBXVariantGroup;
			children = (
				216F9CFD28C9142500F5091C /* Base */,
			);
			name = LaunchScreen.storyboard;
			sourceTree = "<group>";
		};
/* End PBXVariantGroup section */

/* Begin XCBuildConfiguration section */
		216F9D0028C9142500F5091C /* Debug */ = {
			isa = XCBuildConfiguration;
			buildSettings = {
				ALWAYS_SEARCH_USER_PATHS = NO;
				CLANG_ANALYZER_NONNULL = YES;
				CLANG_ANALYZER_NUMBER_OBJECT_CONVERSION = YES_AGGRESSIVE;
				CLANG_CXX_LANGUAGE_STANDARD = "gnu++17";
				CLANG_ENABLE_MODULES = YES;
				CLANG_ENABLE_OBJC_ARC = YES;
				CLANG_ENABLE_OBJC_WEAK = YES;
				CLANG_WARN_BLOCK_CAPTURE_AUTORELEASING = YES;
				CLANG_WARN_BOOL_CONVERSION = YES;
				CLANG_WARN_COMMA = YES;
				CLANG_WARN_CONSTANT_CONVERSION = YES;
				CLANG_WARN_DEPRECATED_OBJC_IMPLEMENTATIONS = YES;
				CLANG_WARN_DIRECT_OBJC_ISA_USAGE = YES_ERROR;
				CLANG_WARN_DOCUMENTATION_COMMENTS = YES;
				CLANG_WARN_EMPTY_BODY = YES;
				CLANG_WARN_ENUM_CONVERSION = YES;
				CLANG_WARN_INFINITE_RECURSION = YES;
				CLANG_WARN_INT_CONVERSION = YES;
				CLANG_WARN_NON_LITERAL_NULL_CONVERSION = YES;
				CLANG_WARN_OBJC_IMPLICIT_RETAIN_SELF = YES;
				CLANG_WARN_OBJC_LITERAL_CONVERSION = YES;
				CLANG_WARN_OBJC_ROOT_CLASS = YES_ERROR;
				CLANG_WARN_QUOTED_INCLUDE_IN_FRAMEWORK_HEADER = YES;
				CLANG_WARN_RANGE_LOOP_ANALYSIS = YES;
				CLANG_WARN_STRICT_PROTOTYPES = YES;
				CLANG_WARN_SUSPICIOUS_MOVE = YES;
				CLANG_WARN_UNGUARDED_AVAILABILITY = YES_AGGRESSIVE;
				CLANG_WARN_UNREACHABLE_CODE = YES;
				CLANG_WARN__DUPLICATE_METHOD_MATCH = YES;
				COPY_PHASE_STRIP = NO;
				DEBUG_INFORMATION_FORMAT = dwarf;
				ENABLE_STRICT_OBJC_MSGSEND = YES;
				ENABLE_TESTABILITY = YES;
				GCC_C_LANGUAGE_STANDARD = gnu11;
				GCC_DYNAMIC_NO_PIC = NO;
				GCC_NO_COMMON_BLOCKS = YES;
				GCC_OPTIMIZATION_LEVEL = 0;
				GCC_PREPROCESSOR_DEFINITIONS = (
					"DEBUG=1",
					"$(inherited)",
				);
				GCC_WARN_64_TO_32_BIT_CONVERSION = YES;
				GCC_WARN_ABOUT_RETURN_TYPE = YES_ERROR;
				GCC_WARN_UNDECLARED_SELECTOR = YES;
				GCC_WARN_UNINITIALIZED_AUTOS = YES_AGGRESSIVE;
				GCC_WARN_UNUSED_FUNCTION = YES;
				GCC_WARN_UNUSED_VARIABLE = YES;
				IPHONEOS_DEPLOYMENT_TARGET = 15.5;
				MTL_ENABLE_DEBUG_INFO = INCLUDE_SOURCE;
				MTL_FAST_MATH = YES;
				ONLY_ACTIVE_ARCH = YES;
				SDKROOT = iphoneos;
				SWIFT_ACTIVE_COMPILATION_CONDITIONS = DEBUG;
				SWIFT_OPTIMIZATION_LEVEL = "-Onone";
			};
			name = Debug;
		};
		216F9D0128C9142500F5091C /* Release */ = {
			isa = XCBuildConfiguration;
			buildSettings = {
				ALWAYS_SEARCH_USER_PATHS = NO;
				CLANG_ANALYZER_NONNULL = YES;
				CLANG_ANALYZER_NUMBER_OBJECT_CONVERSION = YES_AGGRESSIVE;
				CLANG_CXX_LANGUAGE_STANDARD = "gnu++17";
				CLANG_ENABLE_MODULES = YES;
				CLANG_ENABLE_OBJC_ARC = YES;
				CLANG_ENABLE_OBJC_WEAK = YES;
				CLANG_WARN_BLOCK_CAPTURE_AUTORELEASING = YES;
				CLANG_WARN_BOOL_CONVERSION = YES;
				CLANG_WARN_COMMA = YES;
				CLANG_WARN_CONSTANT_CONVERSION = YES;
				CLANG_WARN_DEPRECATED_OBJC_IMPLEMENTATIONS = YES;
				CLANG_WARN_DIRECT_OBJC_ISA_USAGE = YES_ERROR;
				CLANG_WARN_DOCUMENTATION_COMMENTS = YES;
				CLANG_WARN_EMPTY_BODY = YES;
				CLANG_WARN_ENUM_CONVERSION = YES;
				CLANG_WARN_INFINITE_RECURSION = YES;
				CLANG_WARN_INT_CONVERSION = YES;
				CLANG_WARN_NON_LITERAL_NULL_CONVERSION = YES;
				CLANG_WARN_OBJC_IMPLICIT_RETAIN_SELF = YES;
				CLANG_WARN_OBJC_LITERAL_CONVERSION = YES;
				CLANG_WARN_OBJC_ROOT_CLASS = YES_ERROR;
				CLANG_WARN_QUOTED_INCLUDE_IN_FRAMEWORK_HEADER = YES;
				CLANG_WARN_RANGE_LOOP_ANALYSIS = YES;
				CLANG_WARN_STRICT_PROTOTYPES = YES;
				CLANG_WARN_SUSPICIOUS_MOVE = YES;
				CLANG_WARN_UNGUARDED_AVAILABILITY = YES_AGGRESSIVE;
				CLANG_WARN_UNREACHABLE_CODE = YES;
				CLANG_WARN__DUPLICATE_METHOD_MATCH = YES;
				COPY_PHASE_STRIP = NO;
				DEBUG_INFORMATION_FORMAT = "dwarf-with-dsym";
				ENABLE_NS_ASSERTIONS = NO;
				ENABLE_STRICT_OBJC_MSGSEND = YES;
				GCC_C_LANGUAGE_STANDARD = gnu11;
				GCC_NO_COMMON_BLOCKS = YES;
				GCC_WARN_64_TO_32_BIT_CONVERSION = YES;
				GCC_WARN_ABOUT_RETURN_TYPE = YES_ERROR;
				GCC_WARN_UNDECLARED_SELECTOR = YES;
				GCC_WARN_UNINITIALIZED_AUTOS = YES_AGGRESSIVE;
				GCC_WARN_UNUSED_FUNCTION = YES;
				GCC_WARN_UNUSED_VARIABLE = YES;
				IPHONEOS_DEPLOYMENT_TARGET = 15.5;
				MTL_ENABLE_DEBUG_INFO = NO;
				MTL_FAST_MATH = YES;
				SDKROOT = iphoneos;
				SWIFT_COMPILATION_MODE = wholemodule;
				SWIFT_OPTIMIZATION_LEVEL = "-O";
				VALIDATE_PRODUCT = YES;
			};
			name = Release;
		};
		216F9D0328C9142500F5091C /* Debug */ = {
			isa = XCBuildConfiguration;
			baseConfigurationReference = C84D612E602D2F578E8ADE05 /* Pods-MyPlaces.debug.xcconfig */;
			buildSettings = {
				ASSETCATALOG_COMPILER_APPICON_NAME = AppIcon;
				ASSETCATALOG_COMPILER_GLOBAL_ACCENT_COLOR_NAME = AccentColor;
				CODE_SIGN_STYLE = Automatic;
				CURRENT_PROJECT_VERSION = 1;
				DEVELOPMENT_TEAM = 8832DVGV8P;
				GENERATE_INFOPLIST_FILE = YES;
				INFOPLIST_FILE = MyPlaces/Info.plist;
				INFOPLIST_KEY_UIApplicationSupportsIndirectInputEvents = YES;
				INFOPLIST_KEY_UILaunchStoryboardName = LaunchScreen;
				INFOPLIST_KEY_UIMainStoryboardFile = Main;
				INFOPLIST_KEY_UISupportedInterfaceOrientations_iPad = "UIInterfaceOrientationPortrait UIInterfaceOrientationPortraitUpsideDown UIInterfaceOrientationLandscapeLeft UIInterfaceOrientationLandscapeRight";
				INFOPLIST_KEY_UISupportedInterfaceOrientations_iPhone = "UIInterfaceOrientationPortrait UIInterfaceOrientationLandscapeLeft UIInterfaceOrientationLandscapeRight";
				LD_RUNPATH_SEARCH_PATHS = (
					"$(inherited)",
					"@executable_path/Frameworks",
				);
				MARKETING_VERSION = 1.0;
				PRODUCT_BUNDLE_IDENTIFIER = Asia.MyPlaces;
				PRODUCT_NAME = "$(TARGET_NAME)";
				SWIFT_EMIT_LOC_STRINGS = YES;
				SWIFT_VERSION = 5.0;
				TARGETED_DEVICE_FAMILY = "1,2";
			};
			name = Debug;
		};
		216F9D0428C9142500F5091C /* Release */ = {
			isa = XCBuildConfiguration;
			baseConfigurationReference = 42DEA1F5C51D0AE3F05A83FA /* Pods-MyPlaces.release.xcconfig */;
			buildSettings = {
				ASSETCATALOG_COMPILER_APPICON_NAME = AppIcon;
				ASSETCATALOG_COMPILER_GLOBAL_ACCENT_COLOR_NAME = AccentColor;
				CODE_SIGN_STYLE = Automatic;
				CURRENT_PROJECT_VERSION = 1;
				DEVELOPMENT_TEAM = 8832DVGV8P;
				GENERATE_INFOPLIST_FILE = YES;
				INFOPLIST_FILE = MyPlaces/Info.plist;
				INFOPLIST_KEY_UIApplicationSupportsIndirectInputEvents = YES;
				INFOPLIST_KEY_UILaunchStoryboardName = LaunchScreen;
				INFOPLIST_KEY_UIMainStoryboardFile = Main;
				INFOPLIST_KEY_UISupportedInterfaceOrientations_iPad = "UIInterfaceOrientationPortrait UIInterfaceOrientationPortraitUpsideDown UIInterfaceOrientationLandscapeLeft UIInterfaceOrientationLandscapeRight";
				INFOPLIST_KEY_UISupportedInterfaceOrientations_iPhone = "UIInterfaceOrientationPortrait UIInterfaceOrientationLandscapeLeft UIInterfaceOrientationLandscapeRight";
				LD_RUNPATH_SEARCH_PATHS = (
					"$(inherited)",
					"@executable_path/Frameworks",
				);
				MARKETING_VERSION = 1.0;
				PRODUCT_BUNDLE_IDENTIFIER = Asia.MyPlaces;
				PRODUCT_NAME = "$(TARGET_NAME)";
				SWIFT_EMIT_LOC_STRINGS = YES;
				SWIFT_VERSION = 5.0;
				TARGETED_DEVICE_FAMILY = "1,2";
			};
			name = Release;
		};
/* End XCBuildConfiguration section */

/* Begin XCConfigurationList section */
		216F9CE928C9142200F5091C /* Build configuration list for PBXProject "MyPlaces" */ = {
			isa = XCConfigurationList;
			buildConfigurations = (
				216F9D0028C9142500F5091C /* Debug */,
				216F9D0128C9142500F5091C /* Release */,
			);
			defaultConfigurationIsVisible = 0;
			defaultConfigurationName = Release;
		};
		216F9D0228C9142500F5091C /* Build configuration list for PBXNativeTarget "MyPlaces" */ = {
			isa = XCConfigurationList;
			buildConfigurations = (
				216F9D0328C9142500F5091C /* Debug */,
				216F9D0428C9142500F5091C /* Release */,
			);
			defaultConfigurationIsVisible = 0;
			defaultConfigurationName = Release;
		};
/* End XCConfigurationList section */
	};
	rootObject = 216F9CE628C9142200F5091C /* Project object */;
}
